
Microsoft Visual Studio Solution File, Format Version 12.00
# Visual Studio Version 17
VisualStudioVersion = 17.11.35208.52
MinimumVisualStudioVersion = 10.0.40219.1
Project("{9A19103F-16F7-4668-BE54-9A1E7A4F7556}") = "ASUTimeTableParser", "ASUTimeTableParser\ASUTimeTableParser.csproj", "{854FC72D-43AC-4B61-8469-C756A0D24845}"
EndProject
Global
	GlobalSection(SolutionConfigurationPlatforms) = preSolution
		Debug|Any CPU = Debug|Any CPU
		Release|Any CPU = Release|Any CPU
	EndGlobalSection
	GlobalSection(ProjectConfigurationPlatforms) = postSolution
		{854FC72D-43AC-4B61-8469-C756A0D24845}.Debug|Any CPU.ActiveCfg = Debug|Any CPU
		{854FC72D-43AC-4B61-8469-C756A0D24845}.Debug|Any CPU.Build.0 = Debug|Any CPU
		{854FC72D-43AC-4B61-8469-C756A0D24845}.Release|Any CPU.ActiveCfg = Release|Any CPU
		{854FC72D-43AC-4B61-8469-C756A0D24845}.Release|Any CPU.Build.0 = Release|Any CPU
	EndGlobalSection
	GlobalSection(SolutionProperties) = preSolution
		HideSolutionNode = FALSE
	EndGlobalSection
	GlobalSection(ExtensibilityGlobals) = postSolution
		SolutionGuid = {E8182112-D203-4550-A2AB-79DBE26AA534}
	EndGlobalSection
EndGlobal
